
Microsoft Visual Studio Solution File, Format Version 12.00
# Visual Studio Version 17
VisualStudioVersion = 17.5.33627.172
MinimumVisualStudioVersion = 10.0.40219.1
Project("{9A19103F-16F7-4668-BE54-9A1E7A4F7556}") = "VNet.ProceduralGeneration", "VNet.ProceduralGeneration\VNet.ProceduralGeneration.csproj", "{92206EC9-D12F-47A5-901E-E910EC8B839B}"
EndProject
Project("{9A19103F-16F7-4668-BE54-9A1E7A4F7556}") = "VNet.ProceduralGeneration.Tests", "VNet.ProceduralGeneration.Tests\VNet.ProceduralGeneration.Tests.csproj", "{35E9DAA0-A058-4441-B9AC-6CFD8713271B}"
EndProject
Project("{2150E333-8FDC-42A3-9474-1A3956D46DE8}") = ".version", ".version", "{0269E721-B809-41BA-B15C-7801987C160E}"
	ProjectSection(SolutionItems) = preProject
		.version\version.json = .version\version.json
	EndProjectSection
EndProject
Project("{2150E333-8FDC-42A3-9474-1A3956D46DE8}") = "Solution Items", "Solution Items", "{EA6A71A6-0D07-491D-ACE9-6FA14E7D7BE3}"
	ProjectSection(SolutionItems) = preProject
		README.md = README.md
	EndProjectSection
EndProject
Global
	GlobalSection(SolutionConfigurationPlatforms) = preSolution
		Debug|Any CPU = Debug|Any CPU
		Release|Any CPU = Release|Any CPU
	EndGlobalSection
	GlobalSection(ProjectConfigurationPlatforms) = postSolution
		{92206EC9-D12F-47A5-901E-E910EC8B839B}.Debug|Any CPU.ActiveCfg = Debug|Any CPU
		{92206EC9-D12F-47A5-901E-E910EC8B839B}.Debug|Any CPU.Build.0 = Debug|Any CPU
		{92206EC9-D12F-47A5-901E-E910EC8B839B}.Release|Any CPU.ActiveCfg = Release|Any CPU
		{92206EC9-D12F-47A5-901E-E910EC8B839B}.Release|Any CPU.Build.0 = Release|Any CPU
		{35E9DAA0-A058-4441-B9AC-6CFD8713271B}.Debug|Any CPU.ActiveCfg = Debug|Any CPU
		{35E9DAA0-A058-4441-B9AC-6CFD8713271B}.Debug|Any CPU.Build.0 = Debug|Any CPU
		{35E9DAA0-A058-4441-B9AC-6CFD8713271B}.Release|Any CPU.ActiveCfg = Release|Any CPU
		{35E9DAA0-A058-4441-B9AC-6CFD8713271B}.Release|Any CPU.Build.0 = Release|Any CPU
	EndGlobalSection
	GlobalSection(SolutionProperties) = preSolution
		HideSolutionNode = FALSE
	EndGlobalSection
	GlobalSection(ExtensibilityGlobals) = postSolution
		SolutionGuid = {812030B4-B93F-46D4-8A30-B6A60E1A56B8}
	EndGlobalSection
EndGlobal
